{
	"name": "schdule",
	"version": "0.0.1-alpha-1",
	"lockfileVersion": 1,
	"requires": true,
	"dependencies": {
		"@types/node": {
			"version": "9.4.4",
			"resolved": "https://registry.npmjs.org/@types/node/-/node-9.4.4.tgz",
			"integrity": "sha512-pTi6f79uELOTQ2TtXxWcjmJ+iZa1C3ypm6pGNU/viOQX/VfBXLmsZEcJPk1rm+lia+GP6GpgFGUkCvLJ7JOKDA==",
			"dev": true
		}
	}
}
